[[package]]
category = "dev"
description = "A configurable sidebar-enabled Sphinx theme"
name = "alabaster"
optional = false
python-versions = "*"
version = "0.7.12"

[[package]]
category = "dev"
description = "Atomic file writes."
name = "atomicwrites"
optional = false
python-versions = ">=2.7, !=3.0.*, !=3.1.*, !=3.2.*, !=3.3.*"
version = "1.3.0"

[[package]]
category = "dev"
description = "Classes Without Boilerplate"
name = "attrs"
optional = false
python-versions = ">=2.7, !=3.0.*, !=3.1.*, !=3.2.*, !=3.3.*"
version = "19.1.0"

[package.extras]
dev = ["coverage", "hypothesis", "pympler", "pytest", "six", "zope.interface", "sphinx", "pre-commit"]
docs = ["sphinx", "zope.interface"]
tests = ["coverage", "hypothesis", "pympler", "pytest", "six", "zope.interface"]

[[package]]
category = "dev"
description = "Internationalization utilities"
name = "babel"
optional = false
python-versions = ">=2.7, !=3.0.*, !=3.1.*, !=3.2.*, !=3.3.*"
version = "2.6.0"

[package.dependencies]
pytz = ">=0a"

[[package]]
category = "dev"
description = "backports.functools_lru_cache"
marker = "python_version < \"3.2\""
name = "backports.functools-lru-cache"
optional = false
python-versions = ">=2.6"
version = "1.5"

[package.extras]
docs = ["sphinx", "jaraco.packaging (>=3.2)", "rst.linker (>=1.9)"]
testing = ["pytest (>=2.8)", "collective.checkdocs"]

[[package]]
category = "dev"
description = "Python package for providing Mozilla's CA Bundle."
name = "certifi"
optional = false
python-versions = "*"
version = "2019.3.9"

[[package]]
category = "dev"
description = "Universal encoding detector for Python 2 and 3"
name = "chardet"
optional = false
python-versions = "*"
version = "3.0.4"

[[package]]
category = "dev"
description = "Cross-platform colored terminal text."
marker = "sys_platform == \"win32\""
name = "colorama"
optional = false
python-versions = ">=2.7, !=3.0.*, !=3.1.*, !=3.2.*, !=3.3.*"
version = "0.4.1"

[[package]]
category = "dev"
description = "Updated configparser from Python 3.7 for Python 2.6+."
marker = "python_version < \"3.2\""
name = "configparser"
optional = false
python-versions = ">=2.6"
version = "3.7.4"

[package.extras]
docs = ["sphinx", "jaraco.packaging (>=3.2)", "rst.linker (>=1.9)"]
testing = ["pytest (>=3.5,<3.7.3 || >3.7.3)", "pytest-checkdocs (>=1.2)", "pytest-flake8"]

[[package]]
category = "dev"
description = "Code coverage measurement for Python"
name = "coverage"
optional = false
python-versions = ">=2.6, !=3.0.*, !=3.1.*, !=3.2.*, <4"
version = "4.5.3"

[[package]]
category = "dev"
description = "Style checker for Sphinx (or other) RST documentation"
name = "doc8"
optional = false
python-versions = "*"
version = "0.8.0"

[package.dependencies]
chardet = "*"
docutils = "*"
restructuredtext-lint = ">=0.7"
six = "*"
stevedore = "*"

[[package]]
category = "main"
description = "Docutils -- Python Documentation Utilities"
name = "docutils"
optional = false
python-versions = "*"
version = "0.14"

[[package]]
category = "dev"
description = "Discover and load entry points from installed packages."
name = "entrypoints"
optional = false
python-versions = ">=2.7"
version = "0.3"

[package.dependencies]
[package.dependencies.configparser]
python = ">=2.7,<2.8"
version = ">=3.5"

[[package]]
category = "dev"
description = "Python 3.4 Enum backported to 3.3, 3.2, 3.1, 2.7, 2.6, 2.5, and 2.4"
marker = "python_version < \"3.4\""
name = "enum34"
optional = false
python-versions = "*"
version = "1.1.6"

[[package]]
category = "dev"
description = "the modular source code checker: pep8, pyflakes and co"
name = "flake8"
optional = false
python-versions = ">=2.7, !=3.0.*, !=3.1.*, !=3.2.*, !=3.3.*"
version = "3.7.7"

[package.dependencies]
entrypoints = ">=0.3.0,<0.4.0"
mccabe = ">=0.6.0,<0.7.0"
pycodestyle = ">=2.5.0,<2.6.0"
pyflakes = ">=2.1.0,<2.2.0"

[package.dependencies.configparser]
python = "<3.2"
version = "*"

[package.dependencies.enum34]
python = "<3.4"
version = "*"

[package.dependencies.functools32]
python = "<3.2"
version = "*"

[package.dependencies.typing]
python = "<3.5"
version = "*"

[[package]]
category = "dev"
description = "Extension for flake8 which uses pydocstyle to check docstrings"
name = "flake8-docstrings"
optional = false
python-versions = "*"
version = "1.3.0"

[package.dependencies]
flake8 = "*"
flake8-polyfill = "*"
pydocstyle = ">=2.1"

[[package]]
category = "dev"
description = "flake8 plugin that integrates isort ."
name = "flake8-isort"
optional = false
python-versions = "*"
version = "2.7.0"

[package.dependencies]
flake8 = ">=3.2.1"
isort = ">=4.3.0"
testfixtures = "*"

[package.extras]
test = ["pytest"]

[[package]]
category = "dev"
description = "Polyfill package for Flake8 plugins"
name = "flake8-polyfill"
optional = false
python-versions = "*"
version = "1.0.2"

[package.dependencies]
flake8 = "*"

[[package]]
category = "dev"
description = "Python function signatures from PEP362 for Python 2.6, 2.7 and 3.2+"
marker = "python_version < \"3.0\""
name = "funcsigs"
optional = false
python-versions = "*"
version = "1.0.2"

[[package]]
category = "dev"
description = "Backport of the functools module from Python 3.2.3 for use on 2.7 and PyPy."
marker = "python_version < \"3.2\""
name = "functools32"
optional = false
python-versions = "*"
version = "3.2.3-2"

[[package]]
category = "dev"
description = "Backport of the concurrent.futures package from Python 3.2"
marker = "python_version < \"3.2\""
name = "futures"
optional = false
python-versions = "*"
version = "3.1.1"

[[package]]
category = "dev"
description = "Internationalized Domain Names in Applications (IDNA)"
name = "idna"
optional = false
python-versions = ">=2.7, !=3.0.*, !=3.1.*, !=3.2.*, !=3.3.*"
version = "2.8"

[[package]]
category = "dev"
description = "Getting image size from png/jpeg/jpeg2000/gif file"
name = "imagesize"
optional = false
python-versions = ">=2.7, !=3.0.*, !=3.1.*, !=3.2.*, !=3.3.*"
version = "1.1.0"

[[package]]
category = "dev"
description = "A Python utility / library to sort Python imports."
name = "isort"
optional = false
python-versions = ">=2.7, !=3.0.*, !=3.1.*, !=3.2.*, !=3.3.*"
version = "4.3.17"

[package.dependencies]
[package.dependencies."backports.functools-lru-cache"]
python = "<3.2"
version = "*"

[package.dependencies.futures]
python = "<3.2"
version = "*"

[package.extras]
pipfile = ["pipreqs", "requirementslib"]
pyproject = ["toml"]
requirements = ["pip", "pipreqs"]
xdg_home = ["appdirs (>=1.4.0)"]

[[package]]
category = "dev"
description = "A small but fast and easy to use stand-alone template engine written in pure python."
name = "jinja2"
optional = false
python-versions = "*"
version = "2.10.1"

[package.dependencies]
MarkupSafe = ">=0.23"

[package.extras]
i18n = ["Babel (>=0.8)"]

[[package]]
category = "dev"
description = "Safely add untrusted strings to HTML/XML markup."
name = "markupsafe"
optional = false
python-versions = ">=2.7,!=3.0.*,!=3.1.*,!=3.2.*,!=3.3.*"
version = "1.1.1"

[[package]]
category = "dev"
description = "McCabe checker, plugin for flake8"
name = "mccabe"
optional = false
python-versions = "*"
version = "0.6.1"

[[package]]
category = "dev"
description = "More routines for operating on iterables, beyond itertools"
name = "more-itertools"
optional = false
python-versions = "*"
version = "5.0.0"

[package.dependencies]
six = ">=1.0.0,<2.0.0"

[[package]]
category = "dev"
description = "Core utilities for Python packages"
name = "packaging"
optional = false
python-versions = ">=2.7, !=3.0.*, !=3.1.*, !=3.2.*, !=3.3.*"
version = "19.0"

[package.dependencies]
pyparsing = ">=2.0.2"
six = "*"

[[package]]
category = "main"
description = "Object-oriented filesystem paths"
marker = "python_version >= \"2.7\" and python_version < \"3.0\" or python_version < \"3.6\""
name = "pathlib2"
optional = false
python-versions = "*"
version = "2.3.3"

[package.dependencies]
six = "*"

[package.dependencies.scandir]
python = "<3.5"
version = "*"

[[package]]
category = "dev"
description = "Python Build Reasonableness"
name = "pbr"
optional = false
python-versions = "*"
version = "5.1.3"

[[package]]
category = "dev"
description = "plugin and hook calling mechanisms for python"
name = "pluggy"
optional = false
python-versions = ">=2.7, !=3.0.*, !=3.1.*, !=3.2.*, !=3.3.*"
version = "0.9.0"

[package.extras]
dev = ["pre-commit", "tox"]

[[package]]
category = "dev"
description = "library with cross-python path, ini-parsing, io, code, log facilities"
name = "py"
optional = false
python-versions = ">=2.7, !=3.0.*, !=3.1.*, !=3.2.*, !=3.3.*"
version = "1.8.0"

[[package]]
category = "dev"
description = "Python style guide checker"
name = "pycodestyle"
optional = false
python-versions = ">=2.7, !=3.0.*, !=3.1.*, !=3.2.*, !=3.3.*"
version = "2.5.0"

[[package]]
category = "dev"
description = "Python docstring style checker"
name = "pydocstyle"
optional = false
python-versions = "*"
version = "3.0.0"

[package.dependencies]
six = "*"
snowballstemmer = "*"

[[package]]
category = "dev"
description = "passive checker of Python programs"
name = "pyflakes"
optional = false
python-versions = ">=2.7, !=3.0.*, !=3.1.*, !=3.2.*, !=3.3.*"
version = "2.1.1"

[[package]]
category = "dev"
description = "Pygments is a syntax highlighting package written in Python."
name = "pygments"
optional = false
python-versions = "*"
version = "2.3.1"

[[package]]
category = "dev"
description = "Python parsing module"
name = "pyparsing"
optional = false
python-versions = ">=2.6, !=3.0.*, !=3.1.*, !=3.2.*"
version = "2.4.0"

[[package]]
category = "dev"
description = "pytest: simple powerful testing with Python"
name = "pytest"
optional = false
python-versions = ">=2.7, !=3.0.*, !=3.1.*, !=3.2.*, !=3.3.*"
version = "3.10.1"

[package.dependencies]
atomicwrites = ">=1.0"
attrs = ">=17.4.0"
colorama = "*"
more-itertools = ">=4.0.0"
pluggy = ">=0.7"
py = ">=1.5.0"
setuptools = "*"
six = ">=1.10.0"

[package.dependencies.funcsigs]
python = "<3.0"
version = "*"

[package.dependencies.pathlib2]
python = "<3.6"
version = ">=2.2.0"

[[package]]
category = "dev"
description = "Pytest plugin for measuring coverage."
name = "pytest-cov"
optional = false
python-versions = ">=2.7, !=3.0.*, !=3.1.*, !=3.2.*, !=3.3.*"
version = "2.6.1"

[package.dependencies]
coverage = ">=4.4"
pytest = ">=3.6"

[[package]]
category = "dev"
description = "World timezone definitions, modern and historical"
name = "pytz"
optional = false
python-versions = "*"
version = "2019.1"

[[package]]
category = "dev"
description = "Python HTTP for Humans."
name = "requests"
optional = false
python-versions = ">=2.7, !=3.0.*, !=3.1.*, !=3.2.*, !=3.3.*"
version = "2.21.0"

[package.dependencies]
certifi = ">=2017.4.17"
chardet = ">=3.0.2,<3.1.0"
idna = ">=2.5,<2.9"
urllib3 = ">=1.21.1,<1.25"

[package.extras]
security = ["pyOpenSSL (>=0.14)", "cryptography (>=1.3.4)", "idna (>=2.0.0)"]
socks = ["PySocks (>=1.5.6,<1.5.7 || >1.5.7)", "win-inet-pton"]

[[package]]
category = "dev"
description = "reStructuredText linter"
name = "restructuredtext-lint"
optional = false
python-versions = "*"
version = "1.3.0"

[package.dependencies]
docutils = ">=0.11,<1.0"

[[package]]
category = "main"
description = "scandir, a better directory iterator and faster os.walk()"
marker = "python_version >= \"2.7\" and python_version < \"3.0\" or python_version < \"3.5\""
name = "scandir"
optional = false
python-versions = "*"
version = "1.10.0"

[[package]]
category = "main"
description = "Python 2 and 3 compatibility utilities"
name = "six"
optional = false
python-versions = ">=2.6, !=3.0.*, !=3.1.*"
version = "1.12.0"

[[package]]
category = "dev"
description = "This package provides 16 stemmer algorithms (15 + Poerter English stemmer) generated from Snowball algorithms."
name = "snowballstemmer"
optional = false
python-versions = "*"
version = "1.2.1"

[[package]]
category = "dev"
description = "Python documentation generator"
name = "sphinx"
optional = false
python-versions = ">=2.7, !=3.0.*, !=3.1.*, !=3.2.*, !=3.3.*"
version = "1.8.5"

[package.dependencies]
Jinja2 = ">=2.3"
Pygments = ">=2.0"
alabaster = ">=0.7,<0.8"
babel = ">=1.3,<2.0 || >2.0"
colorama = ">=0.3.5"
docutils = ">=0.11"
imagesize = "*"
packaging = "*"
requests = ">=2.0.0"
setuptools = "*"
six = ">=1.5"
snowballstemmer = ">=1.1"
sphinxcontrib-websupport = "*"

[package.dependencies.typing]
python = "<3.5"
version = "*"

[package.extras]
test = ["mock", "pytest", "pytest-cov", "html5lib", "flake8 (>=3.5.0)", "flake8-import-order", "enum34", "mypy", "typed-ast"]
websupport = ["sqlalchemy (>=0.9)", "whoosh (>=2.0)"]

[[package]]
category = "dev"
description = "Read the Docs theme for Sphinx"
name = "sphinx-rtd-theme"
optional = false
python-versions = "*"
version = "0.4.3"

[package.dependencies]
sphinx = "*"

[[package]]
category = "dev"
description = "Sphinx API for Web Apps"
name = "sphinxcontrib-websupport"
optional = false
python-versions = ">=2.7, !=3.0.*, !=3.1.*, !=3.2.*, !=3.3.*"
version = "1.1.0"

[package.extras]
test = ["pytest", "mock"]

[[package]]
category = "dev"
description = "Manage dynamic plugins for Python applications"
name = "stevedore"
optional = false
python-versions = "*"
version = "1.30.1"

[package.dependencies]
pbr = ">=2.0.0,<2.1.0 || >2.1.0"
six = ">=1.10.0"

[[package]]
category = "dev"
description = "A collection of helpers and mock objects for unit tests and doc tests."
name = "testfixtures"
optional = false
python-versions = "*"
version = "6.7.0"

[package.extras]
build = ["sphinx", "setuptools-git", "wheel", "twine"]
test = ["pytest (>=3.6)", "pytest-cov", "pytest-django", "sybil", "zope.component", "twisted", "mock", "django (<2)", "django"]

[[package]]
category = "dev"
description = "Type Hints for Python"
marker = "python_version < \"3.5\""
name = "typing"
optional = false
python-versions = "*"
version = "3.6.6"

[[package]]
category = "dev"
description = "HTTP library with thread-safe connection pooling, file post, and more."
name = "urllib3"
optional = false
python-versions = ">=2.7, !=3.0.*, !=3.1.*, !=3.2.*, !=3.3.*, <4"
version = "1.24.2"

[package.extras]
secure = ["pyOpenSSL (>=0.14)", "cryptography (>=1.3.4)", "idna (>=2.0.0)", "certifi", "ipaddress"]
socks = ["PySocks (>=1.5.6,<1.5.7 || >1.5.7,<2.0)"]

[metadata]
content-hash = "2a1610c92f6c9e5514520bb5ae574649ed2d7ef9f1cf3ca4c055ea4fabefdb18"
python-versions = "^3.4|^2.7"

[metadata.hashes]
alabaster = ["446438bdcca0e05bd45ea2de1668c1d9b032e1a9154c2c259092d77031ddd359", "a661d72d58e6ea8a57f7a86e37d86716863ee5e92788398526d58b26a4e4dc02"]
atomicwrites = ["03472c30eb2c5d1ba9227e4c2ca66ab8287fbfbbda3888aa93dc2e28fc6811b4", "75a9445bac02d8d058d5e1fe689654ba5a6556a1dfd8ce6ec55a0ed79866cfa6"]
attrs = ["69c0dbf2ed392de1cb5ec704444b08a5ef81680a61cb899dc08127123af36a79", "f0b870f674851ecbfbbbd364d6b5cbdff9dcedbc7f3f5e18a6891057f21fe399"]
babel = ["6778d85147d5d85345c14a26aada5e478ab04e39b078b0745ee6870c2b5cf669", "8cba50f48c529ca3fa18cf81fa9403be176d374ac4d60738b839122dfaaa3d23"]
"backports.functools-lru-cache" = ["9d98697f088eb1b0fa451391f91afb5e3ebde16bbdb272819fd091151fda4f1a", "f0b0e4eba956de51238e17573b7087e852dfe9854afd2e9c873f73fc0ca0a6dd"]
certifi = ["59b7658e26ca9c7339e00f8f4636cdfe59d34fa37b9b04f6f9e9926b3cece1a5", "b26104d6835d1f5e49452a26eb2ff87fe7090b89dfcaee5ea2212697e1e1d7ae"]
chardet = ["84ab92ed1c4d4f16916e05906b6b75a6c0fb5db821cc65e70cbd64a3e2a5eaae", "fc323ffcaeaed0e0a02bf4d117757b98aed530d9ed4531e3e15460124c106691"]
colorama = ["05eed71e2e327246ad6b38c540c4a3117230b19679b875190486ddd2d721422d", "f8ac84de7840f5b9c4e3347b3c1eaa50f7e49c2b07596221daec5edaabbd7c48"]
configparser = ["8be81d89d6e7b4c0d4e44bcc525845f6da25821de80cb5e06e7e0238a2899e32", "da60d0014fd8c55eb48c1c5354352e363e2d30bbf7057e5e171a468390184c75"]
coverage = ["0c5fe441b9cfdab64719f24e9684502a59432df7570521563d7b1aff27ac755f", "2b412abc4c7d6e019ce7c27cbc229783035eef6d5401695dccba80f481be4eb3", "3684fabf6b87a369017756b551cef29e505cb155ddb892a7a29277b978da88b9", "39e088da9b284f1bd17c750ac672103779f7954ce6125fd4382134ac8d152d74", "3c205bc11cc4fcc57b761c2da73b9b72a59f8d5ca89979afb0c1c6f9e53c7390", "42692db854d13c6c5e9541b6ffe0fe921fe16c9c446358d642ccae1462582d3b", "465ce53a8c0f3a7950dfb836438442f833cf6663d407f37d8c52fe7b6e56d7e8", "48020e343fc40f72a442c8a1334284620f81295256a6b6ca6d8aa1350c763bbe", "4ec30ade438d1711562f3786bea33a9da6107414aed60a5daa974d50a8c2c351", "5296fc86ab612ec12394565c500b412a43b328b3907c0d14358950d06fd83baf", "5f61bed2f7d9b6a9ab935150a6b23d7f84b8055524e7be7715b6513f3328138e", "6899797ac384b239ce1926f3cb86ffc19996f6fa3a1efbb23cb49e0c12d8c18c", "68a43a9f9f83693ce0414d17e019daee7ab3f7113a70c79a3dd4c2f704e4d741", "6b8033d47fe22506856fe450470ccb1d8ba1ffb8463494a15cfc96392a288c09", "7ad7536066b28863e5835e8cfeaa794b7fe352d99a8cded9f43d1161be8e9fbd", "7bacb89ccf4bedb30b277e96e4cc68cd1369ca6841bde7b005191b54d3dd1034", "839dc7c36501254e14331bcb98b27002aa415e4af7ea039d9009409b9d2d5420", "8e679d1bde5e2de4a909efb071f14b472a678b788904440779d2c449c0355b27", "8f9a95b66969cdea53ec992ecea5406c5bd99c9221f539bca1e8406b200ae98c", "932c03d2d565f75961ba1d3cec41ddde00e162c5b46d03f7423edcb807734eab", "93f965415cc51604f571e491f280cff0f5be35895b4eb5e55b47ae90c02a497b", "988529edadc49039d205e0aa6ce049c5ccda4acb2d6c3c5c550c17e8c02c05ba", "998d7e73548fe395eeb294495a04d38942edb66d1fa61eb70418871bc621227e", "9de60893fb447d1e797f6bf08fdf0dbcda0c1e34c1b06c92bd3a363c0ea8c609", "9e80d45d0c7fcee54e22771db7f1b0b126fb4a6c0a2e5afa72f66827207ff2f2", "a545a3dfe5082dc8e8c3eb7f8a2cf4f2870902ff1860bd99b6198cfd1f9d1f49", "a5d8f29e5ec661143621a8f4de51adfb300d7a476224156a39a392254f70687b", "a9abc8c480e103dc05d9b332c6cc9fb1586330356fc14f1aa9c0ca5745097d19", "aca06bfba4759bbdb09bf52ebb15ae20268ee1f6747417837926fae990ebc41d", "bb23b7a6fd666e551a3094ab896a57809e010059540ad20acbeec03a154224ce", "bfd1d0ae7e292105f29d7deaa9d8f2916ed8553ab9d5f39ec65bcf5deadff3f9", "c22ab9f96cbaff05c6a84e20ec856383d27eae09e511d3e6ac4479489195861d", "c62ca0a38958f541a73cf86acdab020c2091631c137bd359c4f5bddde7b75fd4", "c709d8bda72cf4cd348ccec2a4881f2c5848fd72903c185f363d361b2737f773", "c968a6aa7e0b56ecbd28531ddf439c2ec103610d3e2bf3b75b813304f8cb7723", "ca58eba39c68010d7e87a823f22a081b5290e3e3c64714aac3c91481d8b34d22", "df785d8cb80539d0b55fd47183264b7002077859028dfe3070cf6359bf8b2d9c", "f406628ca51e0ae90ae76ea8398677a921b36f0bd71aab2099dfed08abd0322f", "f46087bbd95ebae244a0eda01a618aff11ec7a069b15a3ef8f6b520db523dcf1", "f8019c5279eb32360ca03e9fac40a12667715546eed5c5eb59eb381f2f501260", "fc5f4d209733750afd2714e9109816a29500718b32dd9a5db01c0cb3a019b96a"]
doc8 = ["2df89f9c1a5abfb98ab55d0175fed633cae0cf45025b8b1e0ee5ea772be28543", "d12f08aa77a4a65eb28752f4bc78f41f611f9412c4155e2b03f1f5d4a45efe04"]
docutils = ["02aec4bd92ab067f6ff27a38a38a41173bf01bed8f89157768c1573f53e474a6", "51e64ef2ebfb29cae1faa133b3710143496eca21c530f3f71424d77687764274", "7a4bd47eaf6596e1295ecb11361139febe29b084a87bf005bf899f9a42edc3c6"]
entrypoints = ["589f874b313739ad35be6e0cd7efde2a4e9b6fea91edcc34e58ecbb8dbe56d19", "c70dd71abe5a8c85e55e12c19bd91ccfeec11a6e99044204511f9ed547d48451"]
enum34 = ["2d81cbbe0e73112bdfe6ef8576f2238f2ba27dd0d55752a776c41d38b7da2850", "644837f692e5f550741432dd3f223bbb9852018674981b1664e5dc339387588a", "6bd0f6ad48ec2aa117d3d141940d484deccda84d4fcd884f5c3d93c23ecd8c79", "8ad8c4783bf61ded74527bffb48ed9b54166685e4230386a9ed9b1279e2df5b1"]
flake8 = ["859996073f341f2670741b51ec1e67a01da142831aa1fdc6242dbf88dffbe661", "a796a115208f5c03b18f332f7c11729812c8c3ded6c46319c59b53efd3819da8"]
flake8-docstrings = ["4e0ce1476b64e6291520e5570cf12b05016dd4e8ae454b8a8a9a48bc5f84e1cd", "8436396b5ecad51a122a2c99ba26e5b4e623bf6e913b0fea0cb6c2c4050f91eb"]
flake8-isort = ["1e67b6b90a9b980ac3ff73782087752d406ce0a729ed928b92797f9fa188917e", "81a8495eefed3f2f63f26cd2d766c7b1191e923a15b9106e6233724056572c68"]
flake8-polyfill = ["12be6a34ee3ab795b19ca73505e7b55826d5f6ad7230d31b18e106400169b9e9", "e44b087597f6da52ec6393a709e7108b2905317d0c0b744cdca6208e670d8eda"]
funcsigs = ["330cc27ccbf7f1e992e69fef78261dc7c6569012cf397db8d3de0234e6c937ca", "a7bb0f2cf3a3fd1ab2732cb49eba4252c2af4240442415b4abce3b87022a8f50"]
functools32 = ["89d824aa6c358c421a234d7f9ee0bd75933a67c29588ce50aaa3acdf4d403fa0", "f6253dfbe0538ad2e387bd8fdfd9293c925d63553f5813c4e587745416501e6d"]
futures = ["51ecb45f0add83c806c68e4b06106f90db260585b25ef2abfcda0bd95c0132fd", "c4884a65654a7c45435063e14ae85280eb1f111d94e542396717ba9828c4337f"]
idna = ["c357b3f628cf53ae2c4c05627ecc484553142ca23264e593d327bcde5e9c3407", "ea8b7f6188e6fa117537c3df7da9fc686d485087abf6ac197f9c46432f7e4a3c"]
imagesize = ["3f349de3eb99145973fefb7dbe38554414e5c30abd0c8e4b970a7c9d09f3a1d8", "f3832918bc3c66617f92e35f5d70729187676313caa60c187eb0f28b8fe5e3b5"]
isort = ["01cb7e1ca5e6c5b3f235f0385057f70558b70d2f00320208825fa62887292f43", "268067462aed7eb2a1e237fcb287852f22077de3fb07964e87e00f829eea2d1a"]
jinja2 = ["065c4f02ebe7f7cf559e49ee5a95fb800a9e4528727aec6f24402a5374c65013", "14dd6caf1527abb21f08f86c784eac40853ba93edb79552aa1e4b8aef1b61c7b"]
markupsafe = ["00bc623926325b26bb9605ae9eae8a215691f33cae5df11ca5424f06f2d1f473", "09027a7803a62ca78792ad89403b1b7a73a01c8cb65909cd876f7fcebd79b161", "09c4b7f37d6c648cb13f9230d847adf22f8171b1ccc4d5682398e77f40309235", "1027c282dad077d0bae18be6794e6b6b8c91d58ed8a8d89a89d59693b9131db5", "24982cc2533820871eba85ba648cd53d8623687ff11cbb805be4ff7b4c971aff", "29872e92839765e546828bb7754a68c418d927cd064fd4708fab9fe9c8bb116b", "43a55c2930bbc139570ac2452adf3d70cdbb3cfe5912c71cdce1c2c6bbd9c5d1", "46c99d2de99945ec5cb54f23c8cd5689f6d7177305ebff350a58ce5f8de1669e", "500d4957e52ddc3351cabf489e79c91c17f6e0899158447047588650b5e69183", "535f6fc4d397c1563d08b88e485c3496cf5784e927af890fb3c3aac7f933ec66", "62fe6c95e3ec8a7fad637b7f3d372c15ec1caa01ab47926cfdf7a75b40e0eac1", "6dd73240d2af64df90aa7c4e7481e23825ea70af4b4922f8ede5b9e35f78a3b1", "717ba8fe3ae9cc0006d7c451f0bb265ee07739daf76355d06366154ee68d221e", "79855e1c5b8da654cf486b830bd42c06e8780cea587384cf6545b7d9ac013a0b", "7c1699dfe0cf8ff607dbdcc1e9b9af1755371f92a68f706051cc8c37d447c905", "88e5fcfb52ee7b911e8bb6d6aa2fd21fbecc674eadd44118a9cc3863f938e735", "8defac2f2ccd6805ebf65f5eeb132adcf2ab57aa11fdf4c0dd5169a004710e7d", "98c7086708b163d425c67c7a91bad6e466bb99d797aa64f965e9d25c12111a5e", "9add70b36c5666a2ed02b43b335fe19002ee5235efd4b8a89bfcf9005bebac0d", "9bf40443012702a1d2070043cb6291650a0841ece432556f784f004937f0f32c", "ade5e387d2ad0d7ebf59146cc00c8044acbd863725f887353a10df825fc8ae21", "b00c1de48212e4cc9603895652c5c410df699856a2853135b3967591e4beebc2", "b1282f8c00509d99fef04d8ba936b156d419be841854fe901d8ae224c59f0be5", "b2051432115498d3562c084a49bba65d97cf251f5a331c64a12ee7e04dacc51b", "ba59edeaa2fc6114428f1637ffff42da1e311e29382d81b339c1817d37ec93c6", "c8716a48d94b06bb3b2524c2b77e055fb313aeb4ea620c8dd03a105574ba704f", "cd5df75523866410809ca100dc9681e301e3c27567cf498077e8551b6d20e42f", "e249096428b3ae81b08327a63a485ad0878de3fb939049038579ac0ef61e17e7"]
mccabe = ["ab8a6258860da4b6677da4bd2fe5dc2c659cff31b3ee4f7f5d64e79735b80d42", "dd8d182285a0fe56bace7f45b5e7d1a6ebcbf524e8f3bd87eb0f125271b8831f"]
more-itertools = ["38a936c0a6d98a38bcc2d03fdaaedaba9f412879461dd2ceff8d37564d6522e4", "c0a5785b1109a6bd7fac76d6837fd1feca158e54e521ccd2ae8bfe393cc9d4fc", "fe7a7cae1ccb57d33952113ff4fa1bc5f879963600ed74918f1236e212ee50b9"]
packaging = ["0c98a5d0be38ed775798ece1b9727178c4469d9c3b4ada66e8e6b7849f8732af", "9e1cbf8c12b1f1ce0bb5344b8d7ecf66a6f8a6e91bcb0c84593ed6d3ab5c4ab3"]
pathlib2 = ["25199318e8cc3c25dcb45cbe084cc061051336d5a9ea2a12448d3d8cb748f742", "5887121d7f7df3603bca2f710e7219f3eca0eb69e0b7cc6e0a022e155ac931a7"]
pbr = ["8257baf496c8522437e8a6cfe0f15e00aedc6c0e0e7c9d55eeeeab31e0853843", "8c361cc353d988e4f5b998555c88098b9d5964c2e11acf7b0d21925a66bb5824"]
pluggy = ["19ecf9ce9db2fce065a7a0586e07cfb4ac8614fe96edf628a264b1c70116cf8f", "84d306a647cc805219916e62aab89caa97a33a1dd8c342e87a37f91073cd4746"]
py = ["64f65755aee5b381cea27766a3a147c3f15b9b6b9ac88676de66ba2ae36793fa", "dc639b046a6e2cff5bbe40194ad65936d6ba360b52b3c3fe1d08a82dd50b5e53"]
pycodestyle = ["95a2219d12372f05704562a14ec30bc76b05a5b297b21a5dfe3f6fac3491ae56", "e40a936c9a450ad81df37f549d676d127b1b66000a6c500caa2b085bc0ca976c"]
pydocstyle = ["2258f9b0df68b97bf3a6c29003edc5238ff8879f1efb6f1999988d934e432bd8", "5741c85e408f9e0ddf873611085e819b809fca90b619f5fd7f34bd4959da3dd4", "ed79d4ec5e92655eccc21eb0c6cf512e69512b4a97d215ace46d17e4990f2039"]
pyflakes = ["17dbeb2e3f4d772725c777fabc446d5634d1038f234e77343108ce445ea69ce0", "d976835886f8c5b31d47970ed689944a0262b5f3afa00a5a7b4dc81e5449f8a2"]
pygments = ["5ffada19f6203563680669ee7f53b64dabbeb100eb51b61996085e99c03b284a", "e8218dd399a61674745138520d0d4cf2621d7e032439341bc3f647bff125818d"]
pyparsing = ["1873c03321fc118f4e9746baf201ff990ceb915f433f23b395f5580d1840cb2a", "9b6323ef4ab914af344ba97510e966d64ba91055d6b9afa6b30799340e89cc03"]
pytest = ["3f193df1cfe1d1609d4c583838bea3d532b18d6160fd3f55c9447fdca30848ec", "e246cf173c01169b9617fc07264b7b1316e78d7a650055235d6d897bc80d9660"]
pytest-cov = ["0ab664b25c6aa9716cbf203b17ddb301932383046082c081b9848a0edf5add33", "230ef817450ab0699c6cc3c9c8f7a829c34674456f2ed8df1fe1d39780f7c87f"]
pytz = ["303879e36b721603cc54604edcac9d20401bdbe31e1e4fdee5b9f98d5d31dfda", "d747dd3d23d77ef44c6a3526e274af6efeb0a6f1afd5a69ba4d5be4098c8e141"]
requests = ["502a824f31acdacb3a35b6690b5fbf0bc41d63a24a45c4004352b0242707598e", "7bf2a778576d825600030a110f3c0e3e8edc51dfaafe1c146e39a2027784957b"]
restructuredtext-lint = ["97b3da356d5b3a8514d8f1f9098febd8b41463bed6a1d9f126cf0a048b6fd908"]
scandir = ["2586c94e907d99617887daed6c1d102b5ca28f1085f90446554abf1faf73123e", "2ae41f43797ca0c11591c0c35f2f5875fa99f8797cb1a1fd440497ec0ae4b022", "2b8e3888b11abb2217a32af0766bc06b65cc4a928d8727828ee68af5a967fa6f", "2c712840c2e2ee8dfaf36034080108d30060d759c7b73a01a52251cc8989f11f", "4d4631f6062e658e9007ab3149a9b914f3548cb38bfb021c64f39a025ce578ae", "67f15b6f83e6507fdc6fca22fedf6ef8b334b399ca27c6b568cbfaa82a364173", "7d2d7a06a252764061a020407b997dd036f7bd6a175a5ba2b345f0a357f0b3f4", "8c5922863e44ffc00c5c693190648daa6d15e7c1207ed02d6f46a8dcc2869d32", "92c85ac42f41ffdc35b6da57ed991575bdbe69db895507af88b9f499b701c188", "b24086f2375c4a094a6b51e78b4cf7ca16c721dcee2eddd7aa6494b42d6d519d", "cb925555f43060a1745d0a321cca94bcea927c50114b623d73179189a4e100ac"]
six = ["3350809f0555b11f552448330d0b52d5f24c91a322ea4a15ef22629740f3761c", "d16a0141ec1a18405cd4ce8b4613101da75da0e9a7aec5bdd4fa804d0e0eba73"]
snowballstemmer = ["919f26a68b2c17a7634da993d91339e288964f93c274f1343e3bbbe2096e1128", "9f3bcd3c401c3e862ec0ebe6d2c069ebc012ce142cce209c098ccb5b09136e89"]
sphinx = ["9f3e17c64b34afc653d7c5ec95766e03043cc6d80b0de224f59b6b6e19d37c3c", "c7658aab75c920288a8cf6f09f244c6cfdae30d82d803ac1634d9f223a80ca08"]
sphinx-rtd-theme = ["00cf895504a7895ee433807c62094cf1e95f065843bf3acd17037c3e9a2becd4", "728607e34d60456d736cc7991fd236afb828b21b82f956c5ea75f94c8414040a"]
sphinxcontrib-websupport = ["68ca7ff70785cbe1e7bccc71a48b5b6d965d79ca50629606c7861a21b206d9dd", "9de47f375baf1ea07cdb3436ff39d7a9c76042c10a769c52353ec46e4e8fc3b9"]
stevedore = ["7be098ff53d87f23d798a7ce7ae5c31f094f3deb92ba18059b1aeb1ca9fec0a0", "7d1ce610a87d26f53c087da61f06f9b7f7e552efad2a7f6d2322632b5f932ea2"]
testfixtures = ["6b79324f35852eaacd4f5f440b20ee1b98df23001ff88db8b8bde3746f753f0a", "c0028d2acd45e6604d359b806132af05815d64e882cf995fa45e6814ddaade13"]
typing = ["4027c5f6127a6267a435201981ba156de91ad0d1d98e9ddc2aa173453453492d", "57dcf675a99b74d64dacf6fba08fb17cf7e3d5fdff53d4a30ea2a5e7e52543d4", "a4c8473ce11a65999c8f59cb093e70686b6c84c98df58c1dae9b3b196089858a"]
urllib3 = ["4c291ca23bbb55c76518905869ef34bdd5f0e46af7afe6861e8375643ffee1a0", "9a247273df709c4fedb38c711e44292304f73f39ab01beda9f6b9fc375669ac3"]
